DEPENDENCIES
  btc-infrastructure
    path: .
    metadata: true

GRAPH
  btc-infrastructure (0.1.0)
    git (>= 4.3.7)
    netsh_firewall (>= 0.3.2)
  build-essential (2.2.4)
  chef_handler (1.2.0)
  dmg (2.3.0)
  git (4.3.7)
    build-essential (>= 0.0.0)
    dmg (>= 0.0.0)
    windows (>= 0.0.0)
    yum-epel (>= 0.0.0)
  netsh_firewall (0.3.2)
  windows (1.39.1)
    chef_handler (>= 0.0.0)
  yum (3.10.0)
  yum-epel (0.6.5)
    yum (~> 3.2)
